dependencies:
- name: keycloak
  repository: https://charts.bitnami.com/bitnami
  version: 24.4.11
- name: postgresql
  repository: https://charts.bitnami.com/bitnami
  version: 16.4.16
- name: pgadmin4
  repository: https://helm.runix.net
  version: 1.35.0
- name: frontend
  repository: file://./charts/frontend
  version: 0.1.0
digest: sha256:ead156ce99651c57a6ad3f1675151d7677e3911cf1ba0fad11647f1d8deeaf4c
generated: "2025-03-18T15:31:40.983014683+01:00"
