dependencies:
- name: keycloak
  repository: https://charts.bitnami.com/bitnami
  version: 24.4.11
- name: postgresql
  repository: https://charts.bitnami.com/bitnami
  version: 16.4.16
- name: pgadmin4
  repository: https://helm.runix.net
  version: 1.35.0
- name: nginx-ingress-controller
  repository: https://charts.bitnami.com/bitnami
  version: 11.6.11
- name: frontend
  repository: file://./charts/frontend
  version: 0.1.0
digest: sha256:a732080b6bc2e2ea122bbc29c52439669437f12fa1418d2e2eeac70965be922e
generated: "2025-03-09T11:26:35.9680469+01:00"
